{
    "_readme": [
        "This file locks the dependencies of your project to a known state",
        "Read more about it at https://getcomposer.org/doc/01-basic-usage.md#installing-dependencies",
        "This file is @generated automatically"
    ],
    "content-hash": "f394aa46e489f33303b5aa80b171f98b",
    "packages": [
        {
            "name": "erusev/parsedown",
            "version": "1.7.4",
            "source": {
                "type": "git",
                "url": "https://github.com/erusev/parsedown.git",
                "reference": "cb17b6477dfff935958ba01325f2e8a2bfa6dab3"
            },
            "dist": {
                "type": "zip",
                "url": "https://api.github.com/repos/erusev/parsedown/zipball/cb17b6477dfff935958ba01325f2e8a2bfa6dab3",
                "reference": "cb17b6477dfff935958ba01325f2e8a2bfa6dab3",
                "shasum": ""
            },
            "require": {
                "ext-mbstring": "*",
                "php": ">=5.3.0"
            },
            "require-dev": {
                "phpunit/phpunit": "^4.8.35"
            },
            "type": "library",
            "autoload": {
                "psr-0": {
                    "Parsedown": ""
                }
            },
            "notification-url": "https://packagist.org/downloads/",
            "license": [
                "MIT"
            ],
            "authors": [
                {
                    "name": "Emanuil Rusev",
                    "email": "hello@erusev.com",
                    "homepage": "http://erusev.com"
                }
            ],
            "description": "Parser for Markdown.",
            "homepage": "http://parsedown.org",
            "keywords": [
                "markdown",
                "parser"
            ],
            "support": {
                "issues": "https://github.com/erusev/parsedown/issues",
                "source": "https://github.com/erusev/parsedown/tree/1.7.x"
            },
            "time": "2019-12-30T22:54:17+00:00"
        },
        {
            "name": "npm-asset/braintree--sanitize-url",
            "version": "3.1.0",
            "dist": {
                "type": "tar",
                "url": "https://registry.npmjs.org/@braintree/sanitize-url/-/sanitize-url-3.1.0.tgz"
            },
            "type": "npm-asset",
            "license": [
                "MIT"
            ]
        },
        {
            "name": "npm-asset/commander",
            "version": "8.3.0",
            "dist": {
                "type": "tar",
                "url": "https://registry.npmjs.org/commander/-/commander-8.3.0.tgz"
            },
            "type": "npm-asset",
            "license": [
                "MIT"
            ]
        },
        {
            "name": "npm-asset/d3",
            "version": "5.16.0",
            "dist": {
                "type": "tar",
                "url": "https://registry.npmjs.org/d3/-/d3-5.16.0.tgz"
            },
            "require": {
                "npm-asset/d3-array": "~1",
                "npm-asset/d3-axis": "~1",
                "npm-asset/d3-brush": "~1",
                "npm-asset/d3-chord": "~1",
                "npm-asset/d3-collection": "~1",
                "npm-asset/d3-color": "~1",
                "npm-asset/d3-contour": "~1",
                "npm-asset/d3-dispatch": "~1",
                "npm-asset/d3-drag": "~1",
                "npm-asset/d3-dsv": "~1",
                "npm-asset/d3-ease": "~1",
                "npm-asset/d3-fetch": "~1",
                "npm-asset/d3-force": "~1",
                "npm-asset/d3-format": "~1",
                "npm-asset/d3-geo": "~1",
                "npm-asset/d3-hierarchy": "~1",
                "npm-asset/d3-interpolate": "~1",
                "npm-asset/d3-path": "~1",
                "npm-asset/d3-polygon": "~1",
                "npm-asset/d3-quadtree": "~1",
                "npm-asset/d3-random": "~1",
                "npm-asset/d3-scale": "~2",
                "npm-asset/d3-scale-chromatic": "~1",
                "npm-asset/d3-selection": "~1",
                "npm-asset/d3-shape": "~1",
                "npm-asset/d3-time": "~1",
                "npm-asset/d3-time-format": "~2",
                "npm-asset/d3-timer": "~1",
                "npm-asset/d3-transition": "~1",
                "npm-asset/d3-voronoi": "~1",
                "npm-asset/d3-zoom": "~1"
            },
            "type": "npm-asset",
            "license": [
                "BSD-3-Clause"
            ]
        },
        {
            "name": "npm-asset/d3-array",
            "version": "1.2.4",
            "dist": {
                "type": "tar",
                "url": "https://registry.npmjs.org/d3-array/-/d3-array-1.2.4.tgz"
            },
            "type": "npm-asset",
            "license": [
                "BSD-3-Clause"
            ]
        },
        {
            "name": "npm-asset/d3-axis",
            "version": "1.0.12",
            "dist": {
                "type": "tar",
                "url": "https://registry.npmjs.org/d3-axis/-/d3-axis-1.0.12.tgz"
            },
            "type": "npm-asset",
            "license": [
                "BSD-3-Clause"
            ]
        },
        {
            "name": "npm-asset/d3-brush",
            "version": "1.1.6",
            "dist": {
                "type": "tar",
                "url": "https://registry.npmjs.org/d3-brush/-/d3-brush-1.1.6.tgz"
            },
            "require": {
                "npm-asset/d3-dispatch": "~1",
                "npm-asset/d3-drag": "~1",
                "npm-asset/d3-interpolate": "~1",
                "npm-asset/d3-selection": "~1",
                "npm-asset/d3-transition": "~1"
            },
            "type": "npm-asset",
            "license": [
                "BSD-3-Clause"
            ]
        },
        {
            "name": "npm-asset/d3-chord",
            "version": "1.0.6",
            "dist": {
                "type": "tar",
                "url": "https://registry.npmjs.org/d3-chord/-/d3-chord-1.0.6.tgz"
            },
            "require": {
                "npm-asset/d3-array": "~1",
                "npm-asset/d3-path": "~1"
            },
            "type": "npm-asset",
            "license": [
                "BSD-3-Clause"
            ]
        },
        {
            "name": "npm-asset/d3-collection",
            "version": "1.0.7",
            "dist": {
                "type": "tar",
                "url": "https://registry.npmjs.org/d3-collection/-/d3-collection-1.0.7.tgz"
            },
            "type": "npm-asset",
            "license": [
                "BSD-3-Clause"
            ]
        },
        {
            "name": "npm-asset/d3-color",
            "version": "1.4.1",
            "dist": {
                "type": "tar",
                "url": "https://registry.npmjs.org/d3-color/-/d3-color-1.4.1.tgz"
            },
            "type": "npm-asset",
            "license": [
                "BSD-3-Clause"
            ]
        },
        {
            "name": "npm-asset/d3-contour",
            "version": "1.3.2",
            "dist": {
                "type": "tar",
                "url": "https://registry.npmjs.org/d3-contour/-/d3-contour-1.3.2.tgz"
            },
            "require": {
                "npm-asset/d3-array": ">=1.1.1,<2.0.0"
            },
            "type": "npm-asset",
            "license": [
                "BSD-3-Clause"
            ]
        },
        {
            "name": "npm-asset/d3-dispatch",
            "version": "1.0.6",
            "dist": {
                "type": "tar",
                "url": "https://registry.npmjs.org/d3-dispatch/-/d3-dispatch-1.0.6.tgz"
            },
            "type": "npm-asset",
            "license": [
                "BSD-3-Clause"
            ]
        },
        {
            "name": "npm-asset/d3-drag",
            "version": "1.2.5",
            "dist": {
                "type": "tar",
                "url": "https://registry.npmjs.org/d3-drag/-/d3-drag-1.2.5.tgz"
            },
            "require": {
                "npm-asset/d3-dispatch": "~1",
                "npm-asset/d3-selection": "~1"
            },
            "type": "npm-asset",
            "license": [
                "BSD-3-Clause"
            ]
        },
        {
            "name": "npm-asset/d3-dsv",
            "version": "1.0.1",
            "dist": {
                "type": "tar",
                "url": "https://registry.npmjs.org/d3-dsv/-/d3-dsv-1.0.1.tgz"
            },
            "require": {
                "npm-asset/rw": "~1"
            },
            "type": "npm-asset",
            "license": [
                "BSD-3-Clause"
            ]
        },
        {
            "name": "npm-asset/d3-ease",
            "version": "1.0.7",
            "dist": {
                "type": "tar",
                "url": "https://registry.npmjs.org/d3-ease/-/d3-ease-1.0.7.tgz"
            },
            "type": "npm-asset",
            "license": [
                "BSD-3-Clause"
            ]
        },
        {
            "name": "npm-asset/d3-fetch",
            "version": "1.2.0",
            "dist": {
                "type": "tar",
                "url": "https://registry.npmjs.org/d3-fetch/-/d3-fetch-1.2.0.tgz"
            },
            "require": {
                "npm-asset/d3-dsv": "~1"
            },
            "type": "npm-asset",
            "license": [
                "BSD-3-Clause"
            ]
        },
        {
            "name": "npm-asset/d3-force",
            "version": "1.2.1",
            "dist": {
                "type": "tar",
                "url": "https://registry.npmjs.org/d3-force/-/d3-force-1.2.1.tgz"
            },
            "require": {
                "npm-asset/d3-collection": "~1",
                "npm-asset/d3-dispatch": "~1",
                "npm-asset/d3-quadtree": "~1",
                "npm-asset/d3-timer": "~1"
            },
            "type": "npm-asset",
            "license": [
                "BSD-3-Clause"
            ]
        },
        {
            "name": "npm-asset/d3-format",
            "version": "1.4.5",
            "dist": {
                "type": "tar",
                "url": "https://registry.npmjs.org/d3-format/-/d3-format-1.4.5.tgz"
            },
            "type": "npm-asset",
            "license": [
                "BSD-3-Clause"
            ]
        },
        {
            "name": "npm-asset/d3-geo",
            "version": "1.12.1",
            "dist": {
                "type": "tar",
                "url": "https://registry.npmjs.org/d3-geo/-/d3-geo-1.12.1.tgz"
            },
            "require": {
                "npm-asset/d3-array": "~1"
            },
            "type": "npm-asset",
            "license": [
                "BSD-3-Clause"
            ]
        },
        {
            "name": "npm-asset/d3-hierarchy",
            "version": "1.1.9",
            "dist": {
                "type": "tar",
                "url": "https://registry.npmjs.org/d3-hierarchy/-/d3-hierarchy-1.1.9.tgz"
            },
            "type": "npm-asset",
            "license": [
                "BSD-3-Clause"
            ]
        },
        {
            "name": "npm-asset/d3-interpolate",
            "version": "1.4.0",
            "dist": {
                "type": "tar",
                "url": "https://registry.npmjs.org/d3-interpolate/-/d3-interpolate-1.4.0.tgz"
            },
            "require": {
                "npm-asset/d3-color": "~1"
            },
            "type": "npm-asset",
            "license": [
                "BSD-3-Clause"
            ]
        },
        {
            "name": "npm-asset/d3-path",
            "version": "1.0.9",
            "dist": {
                "type": "tar",
                "url": "https://registry.npmjs.org/d3-path/-/d3-path-1.0.9.tgz"
            },
            "type": "npm-asset",
            "license": [
                "BSD-3-Clause"
            ]
        },
        {
            "name": "npm-asset/d3-polygon",
            "version": "1.0.6",
            "dist": {
                "type": "tar",
                "url": "https://registry.npmjs.org/d3-polygon/-/d3-polygon-1.0.6.tgz"
            },
            "type": "npm-asset",
            "license": [
                "BSD-3-Clause"
            ]
        },
        {
            "name": "npm-asset/d3-quadtree",
            "version": "1.0.7",
            "dist": {
                "type": "tar",
                "url": "https://registry.npmjs.org/d3-quadtree/-/d3-quadtree-1.0.7.tgz"
            },
            "type": "npm-asset",
            "license": [
                "BSD-3-Clause"
            ]
        },
        {
            "name": "npm-asset/d3-random",
            "version": "1.1.2",
            "dist": {
                "type": "tar",
                "url": "https://registry.npmjs.org/d3-random/-/d3-random-1.1.2.tgz"
            },
            "type": "npm-asset",
            "license": [
                "BSD-3-Clause"
            ]
        },
        {
            "name": "npm-asset/d3-scale",
            "version": "2.2.2",
            "dist": {
                "type": "tar",
                "url": "https://registry.npmjs.org/d3-scale/-/d3-scale-2.2.2.tgz"
            },
            "require": {
                "npm-asset/d3-array": ">=1.2.0,<2.0.0",
                "npm-asset/d3-collection": "~1",
                "npm-asset/d3-format": "~1",
                "npm-asset/d3-interpolate": "~1",
                "npm-asset/d3-time": "~1",
                "npm-asset/d3-time-format": "~2"
            },
            "type": "npm-asset",
            "license": [
                "BSD-3-Clause"
            ]
        },
        {
            "name": "npm-asset/d3-scale-chromatic",
            "version": "1.5.0",
            "dist": {
                "type": "tar",
                "url": "https://registry.npmjs.org/d3-scale-chromatic/-/d3-scale-chromatic-1.5.0.tgz"
            },
            "require": {
                "npm-asset/d3-color": "~1",
                "npm-asset/d3-interpolate": "~1"
            },
            "type": "npm-asset",
            "license": [
                "BSD-3-Clause"
            ]
        },
        {
            "name": "npm-asset/d3-selection",
            "version": "1.4.2",
            "dist": {
                "type": "tar",
                "url": "https://registry.npmjs.org/d3-selection/-/d3-selection-1.4.2.tgz"
            },
            "type": "npm-asset",
            "license": [
                "BSD-3-Clause"
            ]
        },
        {
            "name": "npm-asset/d3-shape",
            "version": "1.3.7",
            "dist": {
                "type": "tar",
                "url": "https://registry.npmjs.org/d3-shape/-/d3-shape-1.3.7.tgz"
            },
            "require": {
                "npm-asset/d3-path": "~1"
            },
            "type": "npm-asset",
            "license": [
                "BSD-3-Clause"
            ]
        },
        {
            "name": "npm-asset/d3-time",
            "version": "1.1.0",
            "dist": {
                "type": "tar",
                "url": "https://registry.npmjs.org/d3-time/-/d3-time-1.1.0.tgz"
            },
            "type": "npm-asset",
            "license": [
                "BSD-3-Clause"
            ]
        },
        {
            "name": "npm-asset/d3-time-format",
            "version": "2.3.0",
            "dist": {
                "type": "tar",
                "url": "https://registry.npmjs.org/d3-time-format/-/d3-time-format-2.3.0.tgz"
            },
            "require": {
                "npm-asset/d3-time": "~1"
            },
            "type": "npm-asset",
            "license": [
                "BSD-3-Clause"
            ]
        },
        {
            "name": "npm-asset/d3-timer",
            "version": "1.0.10",
            "dist": {
                "type": "tar",
                "url": "https://registry.npmjs.org/d3-timer/-/d3-timer-1.0.10.tgz"
            },
            "type": "npm-asset",
            "license": [
                "BSD-3-Clause"
            ]
        },
        {
            "name": "npm-asset/d3-transition",
            "version": "1.3.2",
            "dist": {
                "type": "tar",
                "url": "https://registry.npmjs.org/d3-transition/-/d3-transition-1.3.2.tgz"
            },
            "require": {
                "npm-asset/d3-color": "~1",
                "npm-asset/d3-dispatch": "~1",
                "npm-asset/d3-ease": "~1",
                "npm-asset/d3-interpolate": "~1",
                "npm-asset/d3-selection": ">=1.1.0,<2.0.0",
                "npm-asset/d3-timer": "~1"
            },
            "type": "npm-asset",
            "license": [
                "BSD-3-Clause"
            ]
        },
        {
            "name": "npm-asset/d3-voronoi",
            "version": "1.1.4",
            "dist": {
                "type": "tar",
                "url": "https://registry.npmjs.org/d3-voronoi/-/d3-voronoi-1.1.4.tgz"
            },
            "type": "npm-asset",
            "license": [
                "BSD-3-Clause"
            ]
        },
        {
            "name": "npm-asset/d3-zoom",
            "version": "1.8.3",
            "dist": {
                "type": "tar",
                "url": "https://registry.npmjs.org/d3-zoom/-/d3-zoom-1.8.3.tgz"
            },
            "require": {
                "npm-asset/d3-dispatch": "~1",
                "npm-asset/d3-drag": "~1",
                "npm-asset/d3-interpolate": "~1",
                "npm-asset/d3-selection": "~1",
                "npm-asset/d3-transition": "~1"
            },
            "type": "npm-asset",
            "license": [
                "BSD-3-Clause"
            ]
        },
        {
            "name": "npm-asset/dagre",
            "version": "0.8.5",
            "dist": {
                "type": "tar",
                "url": "https://registry.npmjs.org/dagre/-/dagre-0.8.5.tgz"
            },
            "require": {
                "npm-asset/graphlib": ">=2.1.8,<3.0.0",
                "npm-asset/lodash": ">=4.17.15,<5.0.0"
            },
            "type": "npm-asset",
            "license": [
                "MIT"
            ]
        },
        {
            "name": "npm-asset/dagre-d3",
            "version": "0.6.4",
            "dist": {
                "type": "tar",
                "url": "https://registry.npmjs.org/dagre-d3/-/dagre-d3-0.6.4.tgz"
            },
            "require": {
                "npm-asset/d3": ">=5.14.0,<6.0.0",
                "npm-asset/dagre": ">=0.8.5,<0.9.0",
                "npm-asset/graphlib": ">=2.1.8,<3.0.0",
                "npm-asset/lodash": ">=4.17.15,<5.0.0"
            },
            "type": "npm-asset",
            "license": [
                "MIT"
            ]
        },
        {
            "name": "npm-asset/dompurify",
            "version": "2.3.1",
            "dist": {
                "type": "tar",
                "url": "https://registry.npmjs.org/dompurify/-/dompurify-2.3.1.tgz"
            },
            "type": "npm-asset",
            "license": [
                "(MPL-2.0 OR Apache-2.0)"
            ]
        },
        {
            "name": "npm-asset/graphlib",
            "version": "v2.1.11",
            "source": {
                "type": "git",
                "url": "git@github.com:dagrejs/graphlib.git",
                "reference": "205560606c8535d5ad3a8d083b359076764676fd"
            },
            "dist": {
                "type": "zip",
                "url": "https://api.github.com/repos/dagrejs/graphlib/zipball/205560606c8535d5ad3a8d083b359076764676fd",
                "reference": "205560606c8535d5ad3a8d083b359076764676fd"
            },
            "type": "npm-asset",
            "license": [
                "MIT"
            ]
        },
        {
            "name": "npm-asset/highlightjs--cdn-assets",
            "version": "11.7.0",
            "dist": {
                "type": "tar",
                "url": "https://registry.npmjs.org/@highlightjs/cdn-assets/-/cdn-assets-11.7.0.tgz"
            },
            "type": "npm-asset",
            "license": [
                "BSD-3-Clause"
            ]
        },
        {
            "name": "npm-asset/jquery",
            "version": "3.7.0",
            "dist": {
                "type": "tar",
                "url": "https://registry.npmjs.org/jquery/-/jquery-3.7.0.tgz"
            },
            "type": "npm-asset",
            "license": [
                "MIT"
            ]
        },
        {
            "name": "npm-asset/katex",
            "version": "0.16.4",
            "dist": {
                "type": "tar",
                "url": "https://registry.npmjs.org/katex/-/katex-0.16.4.tgz"
            },
            "require": {
                "npm-asset/commander": ">=8.0.0,<9.0.0"
            },
            "type": "npm-asset",
            "license": [
                "MIT"
            ]
        },
        {
            "name": "npm-asset/khroma",
            "version": "1.4.1",
            "dist": {
                "type": "tar",
                "url": "https://registry.npmjs.org/khroma/-/khroma-1.4.1.tgz"
            },
            "type": "npm-asset",
            "license": [
                "MIT"
            ]
        },
        {
            "name": "npm-asset/lodash",
            "version": "4.17.21-patch1",
            "source": {
                "type": "git",
                "url": "https://github.com/lodash/lodash.git",
                "reference": "c6e281b878b315c7a10d90f9c2af4cdb112d9625"
            },
            "dist": {
                "type": "zip",
                "url": "https://api.github.com/repos/lodash/lodash/zipball/c6e281b878b315c7a10d90f9c2af4cdb112d9625",
                "reference": "c6e281b878b315c7a10d90f9c2af4cdb112d9625"
            },
            "type": "npm-asset",
            "license": [
                "MIT"
            ]
        },
        {
            "name": "npm-asset/mermaid",
            "version": "8.12.1",
            "dist": {
                "type": "tar",
                "url": "https://registry.npmjs.org/mermaid/-/mermaid-8.12.1.tgz"
            },
            "require": {
                "npm-asset/braintree--sanitize-url": ">=3.1.0,<4.0.0",
                "npm-asset/d3": ">=5.16.0,<6.0.0",
                "npm-asset/dagre": ">=0.8.5,<0.9.0",
                "npm-asset/dagre-d3": ">=0.6.4,<0.7.0",
                "npm-asset/dompurify": "2.3.1",
                "npm-asset/graphlib": ">=2.1.8,<3.0.0",
                "npm-asset/khroma": ">=1.4.1,<2.0.0",
                "npm-asset/moment-mini": ">=2.24.0,<3.0.0",
                "npm-asset/stylis": ">=4.0.10,<5.0.0"
            },
            "type": "npm-asset",
            "license": [
                "MIT"
            ]
        },
        {
            "name": "npm-asset/moment-mini",
            "version": "2.29.4",
            "dist": {
                "type": "tar",
                "url": "https://registry.npmjs.org/moment-mini/-/moment-mini-2.29.4.tgz"
            },
            "type": "npm-asset",
            "license": [
                "MIT"
            ]
        },
        {
            "name": "npm-asset/rw",
            "version": "1.3.3",
            "dist": {
                "type": "tar",
                "url": "https://registry.npmjs.org/rw/-/rw-1.3.3.tgz"
            },
            "type": "npm-asset",
            "license": [
                "BSD-3-Clause"
            ]
        },
        {
            "name": "npm-asset/stylis",
            "version": "4.1.3",
            "dist": {
                "type": "tar",
                "url": "https://registry.npmjs.org/stylis/-/stylis-4.1.3.tgz"
            },
            "type": "npm-asset",
            "license": [
                "MIT"
            ]
        },
        {
            "name": "npm-asset/vis-network",
            "version": "9.1.6",
            "dist": {
                "type": "tar",
                "url": "https://registry.npmjs.org/vis-network/-/vis-network-9.1.6.tgz"
            },
            "type": "npm-asset",
            "license": [
                "(Apache-2.0 OR MIT)"
            ]
        }
    ],
    "packages-dev": [],
    "aliases": [],
    "minimum-stability": "stable",
    "stability-flags": [],
    "prefer-stable": false,
    "prefer-lowest": false,
    "platform": [],
    "platform-dev": [],
    "plugin-api-version": "2.3.0"
}
