{
    "_readme": [
        "This file locks the dependencies of your project to a known state",
        "Read more about it at https://getcomposer.org/doc/01-basic-usage.md#installing-dependencies",
        "This file is @generated automatically"
    ],
    "content-hash": "804283b252f55afc81b79735bfa0c2c1",
    "packages": [
        {
            "name": "npm-asset/commander",
            "version": "8.3.0",
            "dist": {
                "type": "tar",
                "url": "https://registry.npmjs.org/commander/-/commander-8.3.0.tgz"
            },
            "type": "npm-asset",
            "license": [
                "MIT"
            ]
        },
        {
            "name": "npm-asset/highlightjs--cdn-assets",
            "version": "11.11.1",
            "dist": {
                "type": "tar",
                "url": "https://registry.npmjs.org/@highlightjs/cdn-assets/-/cdn-assets-11.11.1.tgz"
            },
            "type": "npm-asset",
            "license": [
                "BSD-3-Clause"
            ]
        },
        {
            "name": "npm-asset/jquery",
            "version": "3.7.1",
            "dist": {
                "type": "tar",
                "url": "https://registry.npmjs.org/jquery/-/jquery-3.7.1.tgz"
            },
            "type": "npm-asset",
            "license": [
                "MIT"
            ]
        },
        {
            "name": "npm-asset/katex",
            "version": "0.16.22",
            "dist": {
                "type": "tar",
                "url": "https://registry.npmjs.org/katex/-/katex-0.16.22.tgz"
            },
            "require": {
                "npm-asset/commander": ">=8.3.0,<9.0.0"
            },
            "type": "npm-asset",
            "license": [
                "MIT"
            ]
        },
        {
            "name": "npm-asset/vis-network",
            "version": "9.1.9",
            "dist": {
                "type": "tar",
                "url": "https://registry.npmjs.org/vis-network/-/vis-network-9.1.9.tgz"
            },
            "type": "npm-asset",
            "license": [
                "(Apache-2.0 OR MIT)"
            ]
        }
    ],
    "packages-dev": [],
    "aliases": [],
    "minimum-stability": "stable",
    "stability-flags": [],
    "prefer-stable": false,
    "prefer-lowest": false,
    "platform": [],
    "platform-dev": [],
    "plugin-api-version": "2.6.0"
}
